
Microsoft Visual Studio Solution File, Format Version 12.00
# Visual Studio Version 17
VisualStudioVersion = 17.4.33205.214
MinimumVisualStudioVersion = 10.0.40219.1
Project("{9A19103F-16F7-4668-BE54-9A1E7A4F7556}") = "RomanCalculator", "RomanCalculator\RomanCalculator.csproj", "{17E8FD95-C5D1-4E2A-827C-E807534C6393}"
EndProject
Project("{FAE04EC0-301F-11D3-BF4B-00C04F79EFBC}") = "RomanCaclulatorLib", "RomanCaclulatorLib\RomanCaclulatorLib.csproj", "{B3BA630F-E338-44FC-A24E-8563E0BC845C}"
EndProject
Global
	GlobalSection(SolutionConfigurationPlatforms) = preSolution
		Debug|Any CPU = Debug|Any CPU
		Release|Any CPU = Release|Any CPU
	EndGlobalSection
	GlobalSection(ProjectConfigurationPlatforms) = postSolution
		{17E8FD95-C5D1-4E2A-827C-E807534C6393}.Debug|Any CPU.ActiveCfg = Debug|Any CPU
		{17E8FD95-C5D1-4E2A-827C-E807534C6393}.Debug|Any CPU.Build.0 = Debug|Any CPU
		{17E8FD95-C5D1-4E2A-827C-E807534C6393}.Release|Any CPU.ActiveCfg = Release|Any CPU
		{17E8FD95-C5D1-4E2A-827C-E807534C6393}.Release|Any CPU.Build.0 = Release|Any CPU
		{B3BA630F-E338-44FC-A24E-8563E0BC845C}.Debug|Any CPU.ActiveCfg = Debug|Any CPU
		{B3BA630F-E338-44FC-A24E-8563E0BC845C}.Debug|Any CPU.Build.0 = Debug|Any CPU
		{B3BA630F-E338-44FC-A24E-8563E0BC845C}.Release|Any CPU.ActiveCfg = Release|Any CPU
		{B3BA630F-E338-44FC-A24E-8563E0BC845C}.Release|Any CPU.Build.0 = Release|Any CPU
	EndGlobalSection
	GlobalSection(SolutionProperties) = preSolution
		HideSolutionNode = FALSE
	EndGlobalSection
	GlobalSection(ExtensibilityGlobals) = postSolution
		SolutionGuid = {C599B490-206E-4B61-B1B5-2F8578E31D8E}
	EndGlobalSection
EndGlobal
